
Microsoft Visual Studio Solution File, Format Version 12.00
# Visual Studio Version 16
VisualStudioVersion = 16.0.32228.343
MinimumVisualStudioVersion = 10.0.40219.1
Project("{FAE04EC0-301F-11D3-BF4B-00C04F79EFBC}") = "P224ProductCategory", "P224ProductCategory.csproj", "{84123F0E-C7E2-4043-9B50-C941E7FFA7A7}"
EndProject
Global
	GlobalSection(SolutionConfigurationPlatforms) = preSolution
		Debug|Any CPU = Debug|Any CPU
		Release|Any CPU = Release|Any CPU
	EndGlobalSection
	GlobalSection(ProjectConfigurationPlatforms) = postSolution
		{84123F0E-C7E2-4043-9B50-C941E7FFA7A7}.Debug|Any CPU.ActiveCfg = Debug|Any CPU
		{84123F0E-C7E2-4043-9B50-C941E7FFA7A7}.Debug|Any CPU.Build.0 = Debug|Any CPU
		{84123F0E-C7E2-4043-9B50-C941E7FFA7A7}.Release|Any CPU.ActiveCfg = Release|Any CPU
		{84123F0E-C7E2-4043-9B50-C941E7FFA7A7}.Release|Any CPU.Build.0 = Release|Any CPU
	EndGlobalSection
	GlobalSection(SolutionProperties) = preSolution
		HideSolutionNode = FALSE
	EndGlobalSection
	GlobalSection(ExtensibilityGlobals) = postSolution
		SolutionGuid = {82E6688D-B6FF-471E-B2D6-02D4D4EAEFC5}
	EndGlobalSection
EndGlobal
